
Microsoft Visual Studio Solution File, Format Version 12.00
Project("{FAE04EC0-301F-11D3-BF4B-00C04F79EFBC}") = "Nordavind.Web", "src\Nordavind.Web\Nordavind.Web.csproj", "{35C8F1E5-E818-4221-8C83-D3744958C693}"
EndProject
Global
	GlobalSection(SolutionConfigurationPlatforms) = preSolution
		Debug|Any CPU = Debug|Any CPU
		Release|Any CPU = Release|Any CPU
	EndGlobalSection
	GlobalSection(ProjectConfigurationPlatforms) = postSolution
		{35C8F1E5-E818-4221-8C83-D3744958C693}.Debug|Any CPU.ActiveCfg = Debug|Any CPU
		{35C8F1E5-E818-4221-8C83-D3744958C693}.Debug|Any CPU.Build.0 = Debug|Any CPU
		{35C8F1E5-E818-4221-8C83-D3744958C693}.Release|Any CPU.ActiveCfg = Release|Any CPU
		{35C8F1E5-E818-4221-8C83-D3744958C693}.Release|Any CPU.Build.0 = Release|Any CPU
	EndGlobalSection
EndGlobal
